
Microsoft Visual Studio Solution File, Format Version 12.00
# Visual Studio Version 17
VisualStudioVersion = 17.0.32112.339
MinimumVisualStudioVersion = 10.0.40219.1
Project("{2150E333-8FDC-42A3-9474-1A3956D46DE8}") = "src", "src", "{827E0CD3-B72D-47B6-A68D-7590B98EB39B}"
EndProject
Project("{2150E333-8FDC-42A3-9474-1A3956D46DE8}") = "orders-api", "orders-api", "{03858D3A-3013-ED70-0082-EFCBE8509695}"
EndProject
Project("{FAE04EC0-301F-11D3-BF4B-00C04F79EFBC}") = "Orders.Api", "src\orders-api\Orders.Api\Orders.Api.csproj", "{BA345BBA-B3E6-4062-9AFB-97D8A84DED90}"
EndProject
Project("{2150E333-8FDC-42A3-9474-1A3956D46DE8}") = "payments-api", "payments-api", "{C6398BB6-8459-4AEF-128D-2297B07D5EF8}"
EndProject
Project("{FAE04EC0-301F-11D3-BF4B-00C04F79EFBC}") = "Payments.Api", "src\payments-api\Payments.Api\Payments.Api.csproj", "{AF3351CA-5D50-4F37-9C58-E394976D0E58}"
EndProject
Project("{2150E333-8FDC-42A3-9474-1A3956D46DE8}") = "catalog-api", "catalog-api", "{9137E5DF-6A8A-4162-2073-855FD4738652}"
EndProject
Project("{FAE04EC0-301F-11D3-BF4B-00C04F79EFBC}") = "Catalog.Api", "src\catalog-api\Catalog.Api\Catalog.Api.csproj", "{B1679F91-1E5A-4287-9A97-3B2E32FDD0F7}"
EndProject
Project("{2150E333-8FDC-42A3-9474-1A3956D46DE8}") = "order-worker", "order-worker", "{296E392F-647F-74F1-D611-6B9810691AEB}"
EndProject
Project("{FAE04EC0-301F-11D3-BF4B-00C04F79EFBC}") = "OrderWorker", "src\order-worker\OrderWorker\OrderWorker.csproj", "{A535420A-702A-4E53-9034-34ABAF2D3E87}"
EndProject
Global
	GlobalSection(SolutionConfigurationPlatforms) = preSolution
		Debug|Any CPU = Debug|Any CPU
		Debug|x64 = Debug|x64
		Debug|x86 = Debug|x86
		Release|Any CPU = Release|Any CPU
		Release|x64 = Release|x64
		Release|x86 = Release|x86
	EndGlobalSection
	GlobalSection(ProjectConfigurationPlatforms) = postSolution
		{BA345BBA-B3E6-4062-9AFB-97D8A84DED90}.Debug|Any CPU.ActiveCfg = Debug|Any CPU
		{BA345BBA-B3E6-4062-9AFB-97D8A84DED90}.Debug|Any CPU.Build.0 = Debug|Any CPU
		{BA345BBA-B3E6-4062-9AFB-97D8A84DED90}.Debug|x64.ActiveCfg = Debug|Any CPU
		{BA345BBA-B3E6-4062-9AFB-97D8A84DED90}.Debug|x64.Build.0 = Debug|Any CPU
		{BA345BBA-B3E6-4062-9AFB-97D8A84DED90}.Debug|x86.ActiveCfg = Debug|Any CPU
		{BA345BBA-B3E6-4062-9AFB-97D8A84DED90}.Debug|x86.Build.0 = Debug|Any CPU
		{BA345BBA-B3E6-4062-9AFB-97D8A84DED90}.Release|Any CPU.ActiveCfg = Release|Any CPU
		{BA345BBA-B3E6-4062-9AFB-97D8A84DED90}.Release|Any CPU.Build.0 = Release|Any CPU
		{BA345BBA-B3E6-4062-9AFB-97D8A84DED90}.Release|x64.ActiveCfg = Release|Any CPU
		{BA345BBA-B3E6-4062-9AFB-97D8A84DED90}.Release|x64.Build.0 = Release|Any CPU
		{BA345BBA-B3E6-4062-9AFB-97D8A84DED90}.Release|x86.ActiveCfg = Release|Any CPU
		{BA345BBA-B3E6-4062-9AFB-97D8A84DED90}.Release|x86.Build.0 = Release|Any CPU
		{AF3351CA-5D50-4F37-9C58-E394976D0E58}.Debug|Any CPU.ActiveCfg = Debug|Any CPU
		{AF3351CA-5D50-4F37-9C58-E394976D0E58}.Debug|Any CPU.Build.0 = Debug|Any CPU
		{AF3351CA-5D50-4F37-9C58-E394976D0E58}.Debug|x64.ActiveCfg = Debug|Any CPU
		{AF3351CA-5D50-4F37-9C58-E394976D0E58}.Debug|x64.Build.0 = Debug|Any CPU
		{AF3351CA-5D50-4F37-9C58-E394976D0E58}.Debug|x86.ActiveCfg = Debug|Any CPU
		{AF3351CA-5D50-4F37-9C58-E394976D0E58}.Debug|x86.Build.0 = Debug|Any CPU
		{AF3351CA-5D50-4F37-9C58-E394976D0E58}.Release|Any CPU.ActiveCfg = Release|Any CPU
		{AF3351CA-5D50-4F37-9C58-E394976D0E58}.Release|Any CPU.Build.0 = Release|Any CPU
		{AF3351CA-5D50-4F37-9C58-E394976D0E58}.Release|x64.ActiveCfg = Release|Any CPU
		{AF3351CA-5D50-4F37-9C58-E394976D0E58}.Release|x64.Build.0 = Release|Any CPU
		{AF3351CA-5D50-4F37-9C58-E394976D0E58}.Release|x86.ActiveCfg = Release|Any CPU
		{AF3351CA-5D50-4F37-9C58-E394976D0E58}.Release|x86.Build.0 = Release|Any CPU
		{B1679F91-1E5A-4287-9A97-3B2E32FDD0F7}.Debug|Any CPU.ActiveCfg = Debug|Any CPU
		{B1679F91-1E5A-4287-9A97-3B2E32FDD0F7}.Debug|Any CPU.Build.0 = Debug|Any CPU
		{B1679F91-1E5A-4287-9A97-3B2E32FDD0F7}.Debug|x64.ActiveCfg = Debug|Any CPU
		{B1679F91-1E5A-4287-9A97-3B2E32FDD0F7}.Debug|x64.Build.0 = Debug|Any CPU
		{B1679F91-1E5A-4287-9A97-3B2E32FDD0F7}.Debug|x86.ActiveCfg = Debug|Any CPU
		{B1679F91-1E5A-4287-9A97-3B2E32FDD0F7}.Debug|x86.Build.0 = Debug|Any CPU
		{B1679F91-1E5A-4287-9A97-3B2E32FDD0F7}.Release|Any CPU.ActiveCfg = Release|Any CPU
		{B1679F91-1E5A-4287-9A97-3B2E32FDD0F7}.Release|Any CPU.Build.0 = Release|Any CPU
		{B1679F91-1E5A-4287-9A97-3B2E32FDD0F7}.Release|x64.ActiveCfg = Release|Any CPU
		{B1679F91-1E5A-4287-9A97-3B2E32FDD0F7}.Release|x64.Build.0 = Release|Any CPU
		{B1679F91-1E5A-4287-9A97-3B2E32FDD0F7}.Release|x86.ActiveCfg = Release|Any CPU
		{B1679F91-1E5A-4287-9A97-3B2E32FDD0F7}.Release|x86.Build.0 = Release|Any CPU
		{A535420A-702A-4E53-9034-34ABAF2D3E87}.Debug|Any CPU.ActiveCfg = Debug|Any CPU
		{A535420A-702A-4E53-9034-34ABAF2D3E87}.Debug|Any CPU.Build.0 = Debug|Any CPU
		{A535420A-702A-4E53-9034-34ABAF2D3E87}.Debug|x64.ActiveCfg = Debug|Any CPU
		{A535420A-702A-4E53-9034-34ABAF2D3E87}.Debug|x64.Build.0 = Debug|Any CPU
		{A535420A-702A-4E53-9034-34ABAF2D3E87}.Debug|x86.ActiveCfg = Debug|Any CPU
		{A535420A-702A-4E53-9034-34ABAF2D3E87}.Debug|x86.Build.0 = Debug|Any CPU
		{A535420A-702A-4E53-9034-34ABAF2D3E87}.Release|Any CPU.ActiveCfg = Release|Any CPU
		{A535420A-702A-4E53-9034-34ABAF2D3E87}.Release|Any CPU.Build.0 = Release|Any CPU
		{A535420A-702A-4E53-9034-34ABAF2D3E87}.Release|x64.ActiveCfg = Release|Any CPU
		{A535420A-702A-4E53-9034-34ABAF2D3E87}.Release|x64.Build.0 = Release|Any CPU
		{A535420A-702A-4E53-9034-34ABAF2D3E87}.Release|x86.ActiveCfg = Release|Any CPU
		{A535420A-702A-4E53-9034-34ABAF2D3E87}.Release|x86.Build.0 = Release|Any CPU
	EndGlobalSection
	GlobalSection(SolutionProperties) = preSolution
		HideSolutionNode = FALSE
	EndGlobalSection
	GlobalSection(NestedProjects) = preSolution
		{03858D3A-3013-ED70-0082-EFCBE8509695} = {827E0CD3-B72D-47B6-A68D-7590B98EB39B}
		{BA345BBA-B3E6-4062-9AFB-97D8A84DED90} = {03858D3A-3013-ED70-0082-EFCBE8509695}
		{C6398BB6-8459-4AEF-128D-2297B07D5EF8} = {827E0CD3-B72D-47B6-A68D-7590B98EB39B}
		{AF3351CA-5D50-4F37-9C58-E394976D0E58} = {C6398BB6-8459-4AEF-128D-2297B07D5EF8}
		{9137E5DF-6A8A-4162-2073-855FD4738652} = {827E0CD3-B72D-47B6-A68D-7590B98EB39B}
		{B1679F91-1E5A-4287-9A97-3B2E32FDD0F7} = {9137E5DF-6A8A-4162-2073-855FD4738652}
		{296E392F-647F-74F1-D611-6B9810691AEB} = {827E0CD3-B72D-47B6-A68D-7590B98EB39B}
		{A535420A-702A-4E53-9034-34ABAF2D3E87} = {296E392F-647F-74F1-D611-6B9810691AEB}
	EndGlobalSection
EndGlobal
